
Microsoft Visual Studio Solution File, Format Version 12.00
# Visual Studio 15
VisualStudioVersion = 15.0.28307.572
MinimumVisualStudioVersion = 10.0.40219.1
Project("{FAE04EC0-301F-11D3-BF4B-00C04F79EFBC}") = "ConsoleApp6", "ConsoleApp6\ConsoleApp6.csproj", "{3954399D-ABE3-412E-8CD4-8AB25875B4AE}"
EndProject
Global
	GlobalSection(SolutionConfigurationPlatforms) = preSolution
		Debug|Any CPU = Debug|Any CPU
		Release|Any CPU = Release|Any CPU
	EndGlobalSection
	GlobalSection(ProjectConfigurationPlatforms) = postSolution
		{3954399D-ABE3-412E-8CD4-8AB25875B4AE}.Debug|Any CPU.ActiveCfg = Debug|Any CPU
		{3954399D-ABE3-412E-8CD4-8AB25875B4AE}.Debug|Any CPU.Build.0 = Debug|Any CPU
		{3954399D-ABE3-412E-8CD4-8AB25875B4AE}.Release|Any CPU.ActiveCfg = Release|Any CPU
		{3954399D-ABE3-412E-8CD4-8AB25875B4AE}.Release|Any CPU.Build.0 = Release|Any CPU
	EndGlobalSection
	GlobalSection(SolutionProperties) = preSolution
		HideSolutionNode = FALSE
	EndGlobalSection
	GlobalSection(ExtensibilityGlobals) = postSolution
		SolutionGuid = {243F814E-D896-4E6A-943B-737EF28A8760}
	EndGlobalSection
EndGlobal
